
Microsoft Visual Studio Solution File, Format Version 12.00
# Visual Studio 15
VisualStudioVersion = 15.0.26430.13
MinimumVisualStudioVersion = 10.0.40219.1
Project("{FAE04EC0-301F-11D3-BF4B-00C04F79EFBC}") = "Gnome.Web", "Gnome.Web\Gnome.Web.csproj", "{FCA5D640-E19A-4AE2-AD4B-7E0246032687}"
EndProject
Project("{FAE04EC0-301F-11D3-BF4B-00C04F79EFBC}") = "Gnome.Web.Model", "Gnome.Web.Model\Gnome.Web.Model.csproj", "{93A105F2-8E0E-404E-93AC-DE9397366BF9}"
EndProject
Project("{FAE04EC0-301F-11D3-BF4B-00C04F79EFBC}") = "Gnome.Web.Services.Interfaces", "Gnome.Web.Services.Interfaces\Gnome.Web.Services.Interfaces.csproj", "{C8778D76-9602-430A-BC3B-34246DAE0C45}"
EndProject
Project("{FAE04EC0-301F-11D3-BF4B-00C04F79EFBC}") = "Gnome.Web.Services.Mock", "Gnome.Web.Services.Mock\Gnome.Web.Services.Mock.csproj", "{E68609EC-B40E-4009-A6DD-12AEF2C9D629}"
EndProject
Project("{FAE04EC0-301F-11D3-BF4B-00C04F79EFBC}") = "Gnome.Web.Services", "Gnome.Web.Services\Gnome.Web.Services.csproj", "{424B385A-7D05-498C-8873-2A6CB0F3A267}"
EndProject
Project("{FAE04EC0-301F-11D3-BF4B-00C04F79EFBC}") = "Gnome.Core.Service", "Gnome.Core.Service\Gnome.Core.Service.csproj", "{113FC7D0-0450-4301-97E0-3025808C5F5A}"
EndProject
Project("{FAE04EC0-301F-11D3-BF4B-00C04F79EFBC}") = "Gnome.Core.Model", "Gnome.Core.Model\Gnome.Core.Model.csproj", "{C1CC7099-CCE2-4315-BE29-7A6364AF42F2}"
EndProject
Project("{FAE04EC0-301F-11D3-BF4B-00C04F79EFBC}") = "Gnome.Core.Service.Interfaces", "Gnome.Core.Service.Interfaces\Gnome.Core.Service.Interfaces.csproj", "{DFC311CF-1195-4DE0-86C5-371FB1A6F910}"
EndProject
Project("{FAE04EC0-301F-11D3-BF4B-00C04F79EFBC}") = "Gnome.Core.DataAccess", "Gnome.Core.DataAccess\Gnome.Core.DataAccess.csproj", "{3192A398-B2F1-4113-9A3B-B3272E4367F7}"
EndProject
Project("{2150E333-8FDC-42A3-9474-1A3956D46DE8}") = "Tests", "Tests", "{BCBBBE33-CC72-4653-9BCB-76BD193951B8}"
EndProject
Project("{FAE04EC0-301F-11D3-BF4B-00C04F79EFBC}") = "Gnome.Core.Service.Tests", "Gnome.Core.Service.Tests\Gnome.Core.Service.Tests.csproj", "{FB341C14-35E0-4394-894F-4DE6F3F36652}"
EndProject
Project("{2150E333-8FDC-42A3-9474-1A3956D46DE8}") = "Database", "Database", "{2DFF429A-E5C0-425D-9EE8-01C11648FF5E}"
EndProject
Project("{00D1A9C2-B5F0-4AF3-8072-F6C62B433612}") = "GnomeDb", "GnomeDb\GnomeDb.sqlproj", "{54EBC929-D3E8-45ED-8473-00DEF83A2080}"
EndProject
Project("{FAE04EC0-301F-11D3-BF4B-00C04F79EFBC}") = "Gnome.Core.DataAccess.Tests", "Gnome.Core.DataAccess.Tests\Gnome.Core.DataAccess.Tests.csproj", "{6B6E139B-2BE6-40A3-AEA4-BC8204E3FAC9}"
EndProject
Global
	GlobalSection(SolutionConfigurationPlatforms) = preSolution
		Debug|Any CPU = Debug|Any CPU
		Release|Any CPU = Release|Any CPU
	EndGlobalSection
	GlobalSection(ProjectConfigurationPlatforms) = postSolution
		{FCA5D640-E19A-4AE2-AD4B-7E0246032687}.Debug|Any CPU.ActiveCfg = Debug|Any CPU
		{FCA5D640-E19A-4AE2-AD4B-7E0246032687}.Debug|Any CPU.Build.0 = Debug|Any CPU
		{FCA5D640-E19A-4AE2-AD4B-7E0246032687}.Release|Any CPU.ActiveCfg = Release|Any CPU
		{FCA5D640-E19A-4AE2-AD4B-7E0246032687}.Release|Any CPU.Build.0 = Release|Any CPU
		{93A105F2-8E0E-404E-93AC-DE9397366BF9}.Debug|Any CPU.ActiveCfg = Debug|Any CPU
		{93A105F2-8E0E-404E-93AC-DE9397366BF9}.Debug|Any CPU.Build.0 = Debug|Any CPU
		{93A105F2-8E0E-404E-93AC-DE9397366BF9}.Release|Any CPU.ActiveCfg = Release|Any CPU
		{93A105F2-8E0E-404E-93AC-DE9397366BF9}.Release|Any CPU.Build.0 = Release|Any CPU
		{C8778D76-9602-430A-BC3B-34246DAE0C45}.Debug|Any CPU.ActiveCfg = Debug|Any CPU
		{C8778D76-9602-430A-BC3B-34246DAE0C45}.Debug|Any CPU.Build.0 = Debug|Any CPU
		{C8778D76-9602-430A-BC3B-34246DAE0C45}.Release|Any CPU.ActiveCfg = Release|Any CPU
		{C8778D76-9602-430A-BC3B-34246DAE0C45}.Release|Any CPU.Build.0 = Release|Any CPU
		{E68609EC-B40E-4009-A6DD-12AEF2C9D629}.Debug|Any CPU.ActiveCfg = Debug|Any CPU
		{E68609EC-B40E-4009-A6DD-12AEF2C9D629}.Debug|Any CPU.Build.0 = Debug|Any CPU
		{E68609EC-B40E-4009-A6DD-12AEF2C9D629}.Release|Any CPU.ActiveCfg = Release|Any CPU
		{E68609EC-B40E-4009-A6DD-12AEF2C9D629}.Release|Any CPU.Build.0 = Release|Any CPU
		{424B385A-7D05-498C-8873-2A6CB0F3A267}.Debug|Any CPU.ActiveCfg = Debug|Any CPU
		{424B385A-7D05-498C-8873-2A6CB0F3A267}.Debug|Any CPU.Build.0 = Debug|Any CPU
		{424B385A-7D05-498C-8873-2A6CB0F3A267}.Release|Any CPU.ActiveCfg = Release|Any CPU
		{424B385A-7D05-498C-8873-2A6CB0F3A267}.Release|Any CPU.Build.0 = Release|Any CPU
		{113FC7D0-0450-4301-97E0-3025808C5F5A}.Debug|Any CPU.ActiveCfg = Debug|Any CPU
		{113FC7D0-0450-4301-97E0-3025808C5F5A}.Debug|Any CPU.Build.0 = Debug|Any CPU
		{113FC7D0-0450-4301-97E0-3025808C5F5A}.Release|Any CPU.ActiveCfg = Release|Any CPU
		{113FC7D0-0450-4301-97E0-3025808C5F5A}.Release|Any CPU.Build.0 = Release|Any CPU
		{C1CC7099-CCE2-4315-BE29-7A6364AF42F2}.Debug|Any CPU.ActiveCfg = Debug|Any CPU
		{C1CC7099-CCE2-4315-BE29-7A6364AF42F2}.Debug|Any CPU.Build.0 = Debug|Any CPU
		{C1CC7099-CCE2-4315-BE29-7A6364AF42F2}.Release|Any CPU.ActiveCfg = Release|Any CPU
		{C1CC7099-CCE2-4315-BE29-7A6364AF42F2}.Release|Any CPU.Build.0 = Release|Any CPU
		{DFC311CF-1195-4DE0-86C5-371FB1A6F910}.Debug|Any CPU.ActiveCfg = Debug|Any CPU
		{DFC311CF-1195-4DE0-86C5-371FB1A6F910}.Debug|Any CPU.Build.0 = Debug|Any CPU
		{DFC311CF-1195-4DE0-86C5-371FB1A6F910}.Release|Any CPU.ActiveCfg = Release|Any CPU
		{DFC311CF-1195-4DE0-86C5-371FB1A6F910}.Release|Any CPU.Build.0 = Release|Any CPU
		{3192A398-B2F1-4113-9A3B-B3272E4367F7}.Debug|Any CPU.ActiveCfg = Debug|Any CPU
		{3192A398-B2F1-4113-9A3B-B3272E4367F7}.Debug|Any CPU.Build.0 = Debug|Any CPU
		{3192A398-B2F1-4113-9A3B-B3272E4367F7}.Release|Any CPU.ActiveCfg = Release|Any CPU
		{3192A398-B2F1-4113-9A3B-B3272E4367F7}.Release|Any CPU.Build.0 = Release|Any CPU
		{FB341C14-35E0-4394-894F-4DE6F3F36652}.Debug|Any CPU.ActiveCfg = Debug|Any CPU
		{FB341C14-35E0-4394-894F-4DE6F3F36652}.Debug|Any CPU.Build.0 = Debug|Any CPU
		{FB341C14-35E0-4394-894F-4DE6F3F36652}.Release|Any CPU.ActiveCfg = Release|Any CPU
		{FB341C14-35E0-4394-894F-4DE6F3F36652}.Release|Any CPU.Build.0 = Release|Any CPU
		{54EBC929-D3E8-45ED-8473-00DEF83A2080}.Debug|Any CPU.ActiveCfg = Debug|Any CPU
		{54EBC929-D3E8-45ED-8473-00DEF83A2080}.Debug|Any CPU.Build.0 = Debug|Any CPU
		{54EBC929-D3E8-45ED-8473-00DEF83A2080}.Debug|Any CPU.Deploy.0 = Debug|Any CPU
		{54EBC929-D3E8-45ED-8473-00DEF83A2080}.Release|Any CPU.ActiveCfg = Release|Any CPU
		{54EBC929-D3E8-45ED-8473-00DEF83A2080}.Release|Any CPU.Build.0 = Release|Any CPU
		{54EBC929-D3E8-45ED-8473-00DEF83A2080}.Release|Any CPU.Deploy.0 = Release|Any CPU
		{6B6E139B-2BE6-40A3-AEA4-BC8204E3FAC9}.Debug|Any CPU.ActiveCfg = Debug|Any CPU
		{6B6E139B-2BE6-40A3-AEA4-BC8204E3FAC9}.Debug|Any CPU.Build.0 = Debug|Any CPU
		{6B6E139B-2BE6-40A3-AEA4-BC8204E3FAC9}.Release|Any CPU.ActiveCfg = Release|Any CPU
		{6B6E139B-2BE6-40A3-AEA4-BC8204E3FAC9}.Release|Any CPU.Build.0 = Release|Any CPU
	EndGlobalSection
	GlobalSection(SolutionProperties) = preSolution
		HideSolutionNode = FALSE
	EndGlobalSection
	GlobalSection(NestedProjects) = preSolution
		{FB341C14-35E0-4394-894F-4DE6F3F36652} = {BCBBBE33-CC72-4653-9BCB-76BD193951B8}
		{54EBC929-D3E8-45ED-8473-00DEF83A2080} = {2DFF429A-E5C0-425D-9EE8-01C11648FF5E}
		{6B6E139B-2BE6-40A3-AEA4-BC8204E3FAC9} = {BCBBBE33-CC72-4653-9BCB-76BD193951B8}
	EndGlobalSection
EndGlobal
